
Microsoft Visual Studio Solution File, Format Version 12.00
# Visual Studio Version 17
VisualStudioVersion = 17.5.33530.505
MinimumVisualStudioVersion = 10.0.40219.1
Project("{FAE04EC0-301F-11D3-BF4B-00C04F79EFBC}") = "TestWebApplication", "TestWebApplication\TestWebApplication.csproj", "{B630D896-C734-40A6-AD9A-FA2DF8AE6BE9}"
EndProject
Project("{FAE04EC0-301F-11D3-BF4B-00C04F79EFBC}") = "ProjectBL", "ProjectBL\ProjectBL.csproj", "{6370372D-FD6B-43B7-A235-14BAF7FC5181}"
EndProject
Global
	GlobalSection(SolutionConfigurationPlatforms) = preSolution
		Debug|Any CPU = Debug|Any CPU
		Release|Any CPU = Release|Any CPU
	EndGlobalSection
	GlobalSection(ProjectConfigurationPlatforms) = postSolution
		{B630D896-C734-40A6-AD9A-FA2DF8AE6BE9}.Debug|Any CPU.ActiveCfg = Debug|Any CPU
		{B630D896-C734-40A6-AD9A-FA2DF8AE6BE9}.Debug|Any CPU.Build.0 = Debug|Any CPU
		{B630D896-C734-40A6-AD9A-FA2DF8AE6BE9}.Release|Any CPU.ActiveCfg = Release|Any CPU
		{B630D896-C734-40A6-AD9A-FA2DF8AE6BE9}.Release|Any CPU.Build.0 = Release|Any CPU
		{6370372D-FD6B-43B7-A235-14BAF7FC5181}.Debug|Any CPU.ActiveCfg = Debug|Any CPU
		{6370372D-FD6B-43B7-A235-14BAF7FC5181}.Debug|Any CPU.Build.0 = Debug|Any CPU
		{6370372D-FD6B-43B7-A235-14BAF7FC5181}.Release|Any CPU.ActiveCfg = Release|Any CPU
		{6370372D-FD6B-43B7-A235-14BAF7FC5181}.Release|Any CPU.Build.0 = Release|Any CPU
	EndGlobalSection
	GlobalSection(SolutionProperties) = preSolution
		HideSolutionNode = FALSE
	EndGlobalSection
	GlobalSection(ExtensibilityGlobals) = postSolution
		SolutionGuid = {4D0378BD-E0F9-4D9A-A2BF-0BFF7063CAC9}
	EndGlobalSection
EndGlobal
